
Microsoft Visual Studio Solution File, Format Version 12.00
# Visual Studio Version 17
VisualStudioVersion = 17.5.002.0
MinimumVisualStudioVersion = 10.0.40219.1
Project("{9A19103F-16F7-4668-BE54-9A1E7A4F7556}") = "PolyAxisGraphs", "PolyAxisGraphs.csproj", "{FC98D496-FCC0-422C-9D12-8253F4E9A34E}"
EndProject
Global
	GlobalSection(SolutionConfigurationPlatforms) = preSolution
		Debug|Any CPU = Debug|Any CPU
		Release|Any CPU = Release|Any CPU
	EndGlobalSection
	GlobalSection(ProjectConfigurationPlatforms) = postSolution
		{FC98D496-FCC0-422C-9D12-8253F4E9A34E}.Debug|Any CPU.ActiveCfg = Debug|Any CPU
		{FC98D496-FCC0-422C-9D12-8253F4E9A34E}.Debug|Any CPU.Build.0 = Debug|Any CPU
		{FC98D496-FCC0-422C-9D12-8253F4E9A34E}.Release|Any CPU.ActiveCfg = Release|Any CPU
		{FC98D496-FCC0-422C-9D12-8253F4E9A34E}.Release|Any CPU.Build.0 = Release|Any CPU
	EndGlobalSection
	GlobalSection(SolutionProperties) = preSolution
		HideSolutionNode = FALSE
	EndGlobalSection
	GlobalSection(ExtensibilityGlobals) = postSolution
		SolutionGuid = {AD15B94B-77D9-4E20-B9A5-5062D3D727C2}
	EndGlobalSection
EndGlobal
